
Microsoft Visual Studio Solution File, Format Version 12.00
# Visual Studio 15
VisualStudioVersion = 15.0.27004.2009
MinimumVisualStudioVersion = 10.0.40219.1
Project("{FAE04EC0-301F-11D3-BF4B-00C04F79EFBC}") = "i2c-netcore", "i2c-netcore\i2c-netcore.csproj", "{8B4EDB73-1485-4E78-A512-E3F62396989A}"
EndProject
Global
	GlobalSection(SolutionConfigurationPlatforms) = preSolution
		Debug|Any CPU = Debug|Any CPU
		Release|Any CPU = Release|Any CPU
	EndGlobalSection
	GlobalSection(ProjectConfigurationPlatforms) = postSolution
		{8B4EDB73-1485-4E78-A512-E3F62396989A}.Debug|Any CPU.ActiveCfg = Debug|Any CPU
		{8B4EDB73-1485-4E78-A512-E3F62396989A}.Debug|Any CPU.Build.0 = Debug|Any CPU
		{8B4EDB73-1485-4E78-A512-E3F62396989A}.Release|Any CPU.ActiveCfg = Release|Any CPU
		{8B4EDB73-1485-4E78-A512-E3F62396989A}.Release|Any CPU.Build.0 = Release|Any CPU
	EndGlobalSection
	GlobalSection(SolutionProperties) = preSolution
		HideSolutionNode = FALSE
	EndGlobalSection
	GlobalSection(ExtensibilityGlobals) = postSolution
		SolutionGuid = {27921536-CA83-494D-8E1A-D9680B856DA6}
	EndGlobalSection
EndGlobal
